
Microsoft Visual Studio Solution File, Format Version 12.00
# Visual Studio Version 16
VisualStudioVersion = 16.0.30907.101
MinimumVisualStudioVersion = 10.0.40219.1
Project("{FAE04EC0-301F-11D3-BF4B-00C04F79EFBC}") = "KartriderFileLibrary", "KartriderFileLibrary\KartriderFileLibrary.csproj", "{114E7A30-D86E-4DE5-B855-C28A76333FA1}"
EndProject
Project("{FAE04EC0-301F-11D3-BF4B-00C04F79EFBC}") = "RhoLoader", "RhoLoader\RhoLoader.csproj", "{828F4C34-9E13-4B62-BB0A-C49434A53953}"
EndProject
Global
	GlobalSection(SolutionConfigurationPlatforms) = preSolution
		Debug|Any CPU = Debug|Any CPU
		Release|Any CPU = Release|Any CPU
	EndGlobalSection
	GlobalSection(ProjectConfigurationPlatforms) = postSolution
		{114E7A30-D86E-4DE5-B855-C28A76333FA1}.Debug|Any CPU.ActiveCfg = Debug|Any CPU
		{114E7A30-D86E-4DE5-B855-C28A76333FA1}.Debug|Any CPU.Build.0 = Debug|Any CPU
		{114E7A30-D86E-4DE5-B855-C28A76333FA1}.Release|Any CPU.ActiveCfg = Release|Any CPU
		{114E7A30-D86E-4DE5-B855-C28A76333FA1}.Release|Any CPU.Build.0 = Release|Any CPU
		{828F4C34-9E13-4B62-BB0A-C49434A53953}.Debug|Any CPU.ActiveCfg = Debug|Any CPU
		{828F4C34-9E13-4B62-BB0A-C49434A53953}.Debug|Any CPU.Build.0 = Debug|Any CPU
		{828F4C34-9E13-4B62-BB0A-C49434A53953}.Release|Any CPU.ActiveCfg = Release|Any CPU
		{828F4C34-9E13-4B62-BB0A-C49434A53953}.Release|Any CPU.Build.0 = Release|Any CPU
	EndGlobalSection
	GlobalSection(SolutionProperties) = preSolution
		HideSolutionNode = FALSE
	EndGlobalSection
	GlobalSection(ExtensibilityGlobals) = postSolution
		SolutionGuid = {194630E3-8DA3-489C-B403-BCA4F0676717}
	EndGlobalSection
EndGlobal
