
Microsoft Visual Studio Solution File, Format Version 12.00
# Visual Studio Version 17
VisualStudioVersion = 17.0.31717.71
MinimumVisualStudioVersion = 10.0.40219.1
Project("{9A19103F-16F7-4668-BE54-9A1E7A4F7556}") = "RhoLoader", "src\RhoLoader\RhoLoader.csproj", "{A865DD21-6BDD-4E8A-9580-3FBA9E00AAEA}"
EndProject
Project("{9A19103F-16F7-4668-BE54-9A1E7A4F7556}") = "KartLibrary", "src\KartriderLibrary\KartLibrary.csproj", "{D051B18F-40F5-4824-8D29-668356D728CE}"
EndProject
Project("{9A19103F-16F7-4668-BE54-9A1E7A4F7556}") = "KartCityStudio.Desktop", "src\KartCityStudio\KartCityStudio.Desktop\KartCityStudio.Desktop.csproj", "{DC6D93AD-6D21-4ED7-A7A0-897034E67E1B}"
EndProject
Project("{9A19103F-16F7-4668-BE54-9A1E7A4F7556}") = "KartCityStudio.Game", "src\KartCityStudio\KartCityStudio.Game\KartCityStudio.Game.csproj", "{AAC98017-2456-4F55-94C8-5420B4DC0AF3}"
EndProject
Project("{9A19103F-16F7-4668-BE54-9A1E7A4F7556}") = "KartCityStudio.Game.Tests", "src\KartCityStudio\KartCityStudio.Game.Tests\KartCityStudio.Game.Tests.csproj", "{F3748C51-165E-4C3D-AD37-F2331A7EE0A6}"
EndProject
Project("{9A19103F-16F7-4668-BE54-9A1E7A4F7556}") = "KartCityStudio.Resources", "src\KartCityStudio\KartCityStudio.Resources\KartCityStudio.Resources.csproj", "{FA6307CA-6A4A-43A3-972F-870A9C209B52}"
EndProject
Project("{9A19103F-16F7-4668-BE54-9A1E7A4F7556}") = "KartLibrary.Tests", "src\KartLibrary.Test\KartLibrary.Tests.csproj", "{15B60B90-B5A7-47AA-9E9D-BAF5B8CD8B9A}"
EndProject
Global
	GlobalSection(SolutionConfigurationPlatforms) = preSolution
		Debug|Any CPU = Debug|Any CPU
		Debug|x64 = Debug|x64
		Debug|x86 = Debug|x86
		Release|Any CPU = Release|Any CPU
		Release|x64 = Release|x64
		Release|x86 = Release|x86
	EndGlobalSection
	GlobalSection(ProjectConfigurationPlatforms) = postSolution
		{A865DD21-6BDD-4E8A-9580-3FBA9E00AAEA}.Debug|Any CPU.ActiveCfg = Debug|Any CPU
		{A865DD21-6BDD-4E8A-9580-3FBA9E00AAEA}.Debug|Any CPU.Build.0 = Debug|Any CPU
		{A865DD21-6BDD-4E8A-9580-3FBA9E00AAEA}.Debug|x64.ActiveCfg = Debug|Any CPU
		{A865DD21-6BDD-4E8A-9580-3FBA9E00AAEA}.Debug|x64.Build.0 = Debug|Any CPU
		{A865DD21-6BDD-4E8A-9580-3FBA9E00AAEA}.Debug|x86.ActiveCfg = Debug|Any CPU
		{A865DD21-6BDD-4E8A-9580-3FBA9E00AAEA}.Debug|x86.Build.0 = Debug|Any CPU
		{A865DD21-6BDD-4E8A-9580-3FBA9E00AAEA}.Release|Any CPU.ActiveCfg = Release|Any CPU
		{A865DD21-6BDD-4E8A-9580-3FBA9E00AAEA}.Release|Any CPU.Build.0 = Release|Any CPU
		{A865DD21-6BDD-4E8A-9580-3FBA9E00AAEA}.Release|x64.ActiveCfg = Release|Any CPU
		{A865DD21-6BDD-4E8A-9580-3FBA9E00AAEA}.Release|x64.Build.0 = Release|Any CPU
		{A865DD21-6BDD-4E8A-9580-3FBA9E00AAEA}.Release|x86.ActiveCfg = Release|Any CPU
		{A865DD21-6BDD-4E8A-9580-3FBA9E00AAEA}.Release|x86.Build.0 = Release|Any CPU
		{D051B18F-40F5-4824-8D29-668356D728CE}.Debug|Any CPU.ActiveCfg = Debug|Any CPU
		{D051B18F-40F5-4824-8D29-668356D728CE}.Debug|Any CPU.Build.0 = Debug|Any CPU
		{D051B18F-40F5-4824-8D29-668356D728CE}.Debug|x64.ActiveCfg = Debug|Any CPU
		{D051B18F-40F5-4824-8D29-668356D728CE}.Debug|x64.Build.0 = Debug|Any CPU
		{D051B18F-40F5-4824-8D29-668356D728CE}.Debug|x86.ActiveCfg = Debug|Any CPU
		{D051B18F-40F5-4824-8D29-668356D728CE}.Debug|x86.Build.0 = Debug|Any CPU
		{D051B18F-40F5-4824-8D29-668356D728CE}.Release|Any CPU.ActiveCfg = Release|Any CPU
		{D051B18F-40F5-4824-8D29-668356D728CE}.Release|Any CPU.Build.0 = Release|Any CPU
		{D051B18F-40F5-4824-8D29-668356D728CE}.Release|x64.ActiveCfg = Release|Any CPU
		{D051B18F-40F5-4824-8D29-668356D728CE}.Release|x64.Build.0 = Release|Any CPU
		{D051B18F-40F5-4824-8D29-668356D728CE}.Release|x86.ActiveCfg = Release|Any CPU
		{D051B18F-40F5-4824-8D29-668356D728CE}.Release|x86.Build.0 = Release|Any CPU
		{DC6D93AD-6D21-4ED7-A7A0-897034E67E1B}.Debug|Any CPU.ActiveCfg = Debug|Any CPU
		{DC6D93AD-6D21-4ED7-A7A0-897034E67E1B}.Debug|Any CPU.Build.0 = Debug|Any CPU
		{DC6D93AD-6D21-4ED7-A7A0-897034E67E1B}.Debug|x64.ActiveCfg = Debug|Any CPU
		{DC6D93AD-6D21-4ED7-A7A0-897034E67E1B}.Debug|x64.Build.0 = Debug|Any CPU
		{DC6D93AD-6D21-4ED7-A7A0-897034E67E1B}.Debug|x86.ActiveCfg = Debug|Any CPU
		{DC6D93AD-6D21-4ED7-A7A0-897034E67E1B}.Debug|x86.Build.0 = Debug|Any CPU
		{DC6D93AD-6D21-4ED7-A7A0-897034E67E1B}.Release|Any CPU.ActiveCfg = Release|Any CPU
		{DC6D93AD-6D21-4ED7-A7A0-897034E67E1B}.Release|Any CPU.Build.0 = Release|Any CPU
		{DC6D93AD-6D21-4ED7-A7A0-897034E67E1B}.Release|x64.ActiveCfg = Release|Any CPU
		{DC6D93AD-6D21-4ED7-A7A0-897034E67E1B}.Release|x64.Build.0 = Release|Any CPU
		{DC6D93AD-6D21-4ED7-A7A0-897034E67E1B}.Release|x86.ActiveCfg = Release|Any CPU
		{DC6D93AD-6D21-4ED7-A7A0-897034E67E1B}.Release|x86.Build.0 = Release|Any CPU
		{AAC98017-2456-4F55-94C8-5420B4DC0AF3}.Debug|Any CPU.ActiveCfg = Debug|Any CPU
		{AAC98017-2456-4F55-94C8-5420B4DC0AF3}.Debug|Any CPU.Build.0 = Debug|Any CPU
		{AAC98017-2456-4F55-94C8-5420B4DC0AF3}.Debug|x64.ActiveCfg = Debug|Any CPU
		{AAC98017-2456-4F55-94C8-5420B4DC0AF3}.Debug|x64.Build.0 = Debug|Any CPU
		{AAC98017-2456-4F55-94C8-5420B4DC0AF3}.Debug|x86.ActiveCfg = Debug|Any CPU
		{AAC98017-2456-4F55-94C8-5420B4DC0AF3}.Debug|x86.Build.0 = Debug|Any CPU
		{AAC98017-2456-4F55-94C8-5420B4DC0AF3}.Release|Any CPU.ActiveCfg = Release|Any CPU
		{AAC98017-2456-4F55-94C8-5420B4DC0AF3}.Release|Any CPU.Build.0 = Release|Any CPU
		{AAC98017-2456-4F55-94C8-5420B4DC0AF3}.Release|x64.ActiveCfg = Release|Any CPU
		{AAC98017-2456-4F55-94C8-5420B4DC0AF3}.Release|x64.Build.0 = Release|Any CPU
		{AAC98017-2456-4F55-94C8-5420B4DC0AF3}.Release|x86.ActiveCfg = Release|Any CPU
		{AAC98017-2456-4F55-94C8-5420B4DC0AF3}.Release|x86.Build.0 = Release|Any CPU
		{F3748C51-165E-4C3D-AD37-F2331A7EE0A6}.Debug|Any CPU.ActiveCfg = Debug|Any CPU
		{F3748C51-165E-4C3D-AD37-F2331A7EE0A6}.Debug|Any CPU.Build.0 = Debug|Any CPU
		{F3748C51-165E-4C3D-AD37-F2331A7EE0A6}.Debug|x64.ActiveCfg = Debug|Any CPU
		{F3748C51-165E-4C3D-AD37-F2331A7EE0A6}.Debug|x64.Build.0 = Debug|Any CPU
		{F3748C51-165E-4C3D-AD37-F2331A7EE0A6}.Debug|x86.ActiveCfg = Debug|Any CPU
		{F3748C51-165E-4C3D-AD37-F2331A7EE0A6}.Debug|x86.Build.0 = Debug|Any CPU
		{F3748C51-165E-4C3D-AD37-F2331A7EE0A6}.Release|Any CPU.ActiveCfg = Release|Any CPU
		{F3748C51-165E-4C3D-AD37-F2331A7EE0A6}.Release|Any CPU.Build.0 = Release|Any CPU
		{F3748C51-165E-4C3D-AD37-F2331A7EE0A6}.Release|x64.ActiveCfg = Release|Any CPU
		{F3748C51-165E-4C3D-AD37-F2331A7EE0A6}.Release|x64.Build.0 = Release|Any CPU
		{F3748C51-165E-4C3D-AD37-F2331A7EE0A6}.Release|x86.ActiveCfg = Release|Any CPU
		{F3748C51-165E-4C3D-AD37-F2331A7EE0A6}.Release|x86.Build.0 = Release|Any CPU
		{FA6307CA-6A4A-43A3-972F-870A9C209B52}.Debug|Any CPU.ActiveCfg = Debug|Any CPU
		{FA6307CA-6A4A-43A3-972F-870A9C209B52}.Debug|Any CPU.Build.0 = Debug|Any CPU
		{FA6307CA-6A4A-43A3-972F-870A9C209B52}.Debug|x64.ActiveCfg = Debug|Any CPU
		{FA6307CA-6A4A-43A3-972F-870A9C209B52}.Debug|x64.Build.0 = Debug|Any CPU
		{FA6307CA-6A4A-43A3-972F-870A9C209B52}.Debug|x86.ActiveCfg = Debug|Any CPU
		{FA6307CA-6A4A-43A3-972F-870A9C209B52}.Debug|x86.Build.0 = Debug|Any CPU
		{FA6307CA-6A4A-43A3-972F-870A9C209B52}.Release|Any CPU.ActiveCfg = Release|Any CPU
		{FA6307CA-6A4A-43A3-972F-870A9C209B52}.Release|Any CPU.Build.0 = Release|Any CPU
		{FA6307CA-6A4A-43A3-972F-870A9C209B52}.Release|x64.ActiveCfg = Release|Any CPU
		{FA6307CA-6A4A-43A3-972F-870A9C209B52}.Release|x64.Build.0 = Release|Any CPU
		{FA6307CA-6A4A-43A3-972F-870A9C209B52}.Release|x86.ActiveCfg = Release|Any CPU
		{FA6307CA-6A4A-43A3-972F-870A9C209B52}.Release|x86.Build.0 = Release|Any CPU
		{15B60B90-B5A7-47AA-9E9D-BAF5B8CD8B9A}.Debug|Any CPU.ActiveCfg = Debug|Any CPU
		{15B60B90-B5A7-47AA-9E9D-BAF5B8CD8B9A}.Debug|Any CPU.Build.0 = Debug|Any CPU
		{15B60B90-B5A7-47AA-9E9D-BAF5B8CD8B9A}.Debug|x64.ActiveCfg = Debug|Any CPU
		{15B60B90-B5A7-47AA-9E9D-BAF5B8CD8B9A}.Debug|x64.Build.0 = Debug|Any CPU
		{15B60B90-B5A7-47AA-9E9D-BAF5B8CD8B9A}.Debug|x86.ActiveCfg = Debug|Any CPU
		{15B60B90-B5A7-47AA-9E9D-BAF5B8CD8B9A}.Debug|x86.Build.0 = Debug|Any CPU
		{15B60B90-B5A7-47AA-9E9D-BAF5B8CD8B9A}.Release|Any CPU.ActiveCfg = Release|Any CPU
		{15B60B90-B5A7-47AA-9E9D-BAF5B8CD8B9A}.Release|Any CPU.Build.0 = Release|Any CPU
		{15B60B90-B5A7-47AA-9E9D-BAF5B8CD8B9A}.Release|x64.ActiveCfg = Release|Any CPU
		{15B60B90-B5A7-47AA-9E9D-BAF5B8CD8B9A}.Release|x64.Build.0 = Release|Any CPU
		{15B60B90-B5A7-47AA-9E9D-BAF5B8CD8B9A}.Release|x86.ActiveCfg = Release|Any CPU
		{15B60B90-B5A7-47AA-9E9D-BAF5B8CD8B9A}.Release|x86.Build.0 = Release|Any CPU
	EndGlobalSection
	GlobalSection(SolutionProperties) = preSolution
		HideSolutionNode = FALSE
	EndGlobalSection
	GlobalSection(ExtensibilityGlobals) = postSolution
		SolutionGuid = {194630E3-8DA3-489C-B403-BCA4F0676717}
	EndGlobalSection
EndGlobal
